
Microsoft Visual Studio Solution File, Format Version 12.00
# Visual Studio Version 17
VisualStudioVersion = 17.0.31903.59
MinimumVisualStudioVersion = 10.0.40219.1
Project("{2150E333-8FDC-42A3-9474-1A3956D46DE8}") = "src", "src", "{CFDC4550-B62D-4453-81AA-66AC1A386F62}"
EndProject
Project("{FAE04EC0-301F-11D3-BF4B-00C04F79EFBC}") = "DocumentAmendmentTracker.Web", "src\DocumentAmendmentTracker.Web\DocumentAmendmentTracker.Web.csproj", "{783F7049-6F0B-46E5-A53B-7A771B8B597B}"
EndProject
Global
	GlobalSection(SolutionConfigurationPlatforms) = preSolution
		Debug|Any CPU = Debug|Any CPU
		Release|Any CPU = Release|Any CPU
	EndGlobalSection
	GlobalSection(SolutionProperties) = preSolution
		HideSolutionNode = FALSE
	EndGlobalSection
	GlobalSection(ProjectConfigurationPlatforms) = postSolution
		{783F7049-6F0B-46E5-A53B-7A771B8B597B}.Debug|Any CPU.ActiveCfg = Debug|Any CPU
		{783F7049-6F0B-46E5-A53B-7A771B8B597B}.Debug|Any CPU.Build.0 = Debug|Any CPU
		{783F7049-6F0B-46E5-A53B-7A771B8B597B}.Release|Any CPU.ActiveCfg = Release|Any CPU
		{783F7049-6F0B-46E5-A53B-7A771B8B597B}.Release|Any CPU.Build.0 = Release|Any CPU
	EndGlobalSection
	GlobalSection(NestedProjects) = preSolution
		{783F7049-6F0B-46E5-A53B-7A771B8B597B} = {CFDC4550-B62D-4453-81AA-66AC1A386F62}
	EndGlobalSection
EndGlobal
